// !$*UTF8*$!
{
	archiveVersion = 1;
	classes = {
	};
	objectVersion = 48;
	objects = {

/* Begin PBXBuildFile section */
		CE145B7B205F99F6004ADC67 /* AppDelegate.swift in Sources */ = {isa = PBXBuildFile; fileRef = CE145B7A205F99F6004ADC67 /* AppDelegate.swift */; };
		CE145B7D205F99F6004ADC67 /* ViewController.swift in Sources */ = {isa = PBXBuildFile; fileRef = CE145B7C205F99F6004ADC67 /* ViewController.swift */; };
		CE145B80205F99F6004ADC67 /* Main.storyboard in Resources */ = {isa = PBXBuildFile; fileRef = CE145B7E205F99F6004ADC67 /* Main.storyboard */; };
		CE145B83205F99F6004ADC67 /* LanYi.xcdatamodeld in Sources */ = {isa = PBXBuildFile; fileRef = CE145B81205F99F6004ADC67 /* LanYi.xcdatamodeld */; };
		CE145B85205F99F6004ADC67 /* Assets.xcassets in Resources */ = {isa = PBXBuildFile; fileRef = CE145B84205F99F6004ADC67 /* Assets.xcassets */; };
		CE145B88205F99F6004ADC67 /* LaunchScreen.storyboard in Resources */ = {isa = PBXBuildFile; fileRef = CE145B86205F99F6004ADC67 /* LaunchScreen.storyboard */; };
		CE145B93205F99F6004ADC67 /* LanYiTests.swift in Sources */ = {isa = PBXBuildFile; fileRef = CE145B92205F99F6004ADC67 /* LanYiTests.swift */; };
		CE145B9E205F99F6004ADC67 /* LanYiUITests.swift in Sources */ = {isa = PBXBuildFile; fileRef = CE145B9D205F99F6004ADC67 /* LanYiUITests.swift */; };
/* End PBXBuildFile section */

/* Begin PBXContainerItemProxy section */
		CE145B8F205F99F6004ADC67 /* PBXContainerItemProxy */ = {
			isa = PBXContainerItemProxy;
			containerPortal = CE145B6F205F99F6004ADC67 /* Project object */;
			proxyType = 1;
			remoteGlobalIDString = CE145B76205F99F6004ADC67;
			remoteInfo = LanYi;
		};
		CE145B9A205F99F6004ADC67 /* PBXContainerItemProxy */ = {
			isa = PBXContainerItemProxy;
			containerPortal = CE145B6F205F99F6004ADC67 /* Project object */;
			proxyType = 1;
			remoteGlobalIDString = CE145B76205F99F6004ADC67;
			remoteInfo = LanYi;
		};
/* End PBXContainerItemProxy section */

/* Begin PBXFileReference section */
		CE145B77205F99F6004ADC67 /* LanYi.app */ = {isa = PBXFileReference; explicitFileType = wrapper.application; includeInIndex = 0; path = LanYi.app; sourceTree = BUILT_PRODUCTS_DIR; };
		CE145B7A205F99F6004ADC67 /* AppDelegate.swift */ = {isa = PBXFileReference; lastKnownFileType = sourcecode.swift; path = AppDelegate.swift; sourceTree = "<group>"; };
		CE145B7C205F99F6004ADC67 /* ViewController.swift */ = {isa = PBXFileReference; lastKnownFileType = sourcecode.swift; path = ViewController.swift; sourceTree = "<group>"; };
		CE145B7F205F99F6004ADC67 /* Base */ = {isa = PBXFileReference; lastKnownFileType = file.storyboard; name = Base; path = Base.lproj/Main.storyboard; sourceTree = "<group>"; };
		CE145B82205F99F6004ADC67 /* LanYi.xcdatamodel */ = {isa = PBXFileReference; lastKnownFileType = wrapper.xcdatamodel; path = LanYi.xcdatamodel; sourceTree = "<group>"; };
		CE145B84205F99F6004ADC67 /* Assets.xcassets */ = {isa = PBXFileReference; lastKnownFileType = folder.assetcatalog; path = Assets.xcassets; sourceTree = "<group>"; };
		CE145B87205F99F6004ADC67 /* Base */ = {isa = PBXFileReference; lastKnownFileType = file.storyboard; name = Base; path = Base.lproj/LaunchScreen.storyboard; sourceTree = "<group>"; };
		CE145B89205F99F6004ADC67 /* Info.plist */ = {isa = PBXFileReference; lastKnownFileType = text.plist.xml; path = Info.plist; sourceTree = "<group>"; };
		CE145B8E205F99F6004ADC67 /* LanYiTests.xctest */ = {isa = PBXFileReference; explicitFileType = wrapper.cfbundle; includeInIndex = 0; path = LanYiTests.xctest; sourceTree = BUILT_PRODUCTS_DIR; };
		CE145B92205F99F6004ADC67 /* LanYiTests.swift */ = {isa = PBXFileReference; lastKnownFileType = sourcecode.swift; path = LanYiTests.swift; sourceTree = "<group>"; };
		CE145B94205F99F6004ADC67 /* Info.plist */ = {isa = PBXFileReference; lastKnownFileType = text.plist.xml; path = Info.plist; sourceTree = "<group>"; };
		CE145B99205F99F6004ADC67 /* LanYiUITests.xctest */ = {isa = PBXFileReference; explicitFileType = wrapper.cfbundle; includeInIndex = 0; path = LanYiUITests.xctest; sourceTree = BUILT_PRODUCTS_DIR; };
		CE145B9D205F99F6004ADC67 /* LanYiUITests.swift */ = {isa = PBXFileReference; lastKnownFileType = sourcecode.swift; path = LanYiUITests.swift; sourceTree = "<group>"; };
		CE145B9F205F99F6004ADC67 /* Info.plist */ = {isa = PBXFileReference; lastKnownFileType = text.plist.xml; path = Info.plist; sourceTree = "<group>"; };
/* End PBXFileReference section */

/* Begin PBXFrameworksBuildPhase section */
		CE145B74205F99F6004ADC67 /* Frameworks */ = {
			isa = PBXFrameworksBuildPhase;
			buildActionMask = 2147483647;
			files = (
			);
			runOnlyForDeploymentPostprocessing = 0;
		};
		CE145B8B205F99F6004ADC67 /* Frameworks */ = {
			isa = PBXFrameworksBuildPhase;
			buildActionMask = 2147483647;
			files = (
			);
			runOnlyForDeploymentPostprocessing = 0;
		};
		CE145B96205F99F6004ADC67 /* Frameworks */ = {
			isa = PBXFrameworksBuildPhase;
			buildActionMask = 2147483647;
			files = (
			);
			runOnlyForDeploymentPostprocessing = 0;
		};
/* End PBXFrameworksBuildPhase section */

/* Begin PBXGroup section */
		CE145B6E205F99F6004ADC67 = {
			isa = PBXGroup;
			children = (
				CE145B79205F99F6004ADC67 /* LanYi */,
				CE145B91205F99F6004ADC67 /* LanYiTests */,
				CE145B9C205F99F6004ADC67 /* LanYiUITests */,
				CE145B78205F99F6004ADC67 /* Products */,
			);
			sourceTree = "<group>";
		};
		CE145B78205F99F6004ADC67 /* Products */ = {
			isa = PBXGroup;
			children = (
				CE145B77205F99F6004ADC67 /* LanYi.app */,
				CE145B8E205F99F6004ADC67 /* LanYiTests.xctest */,
				CE145B99205F99F6004ADC67 /* LanYiUITests.xctest */,
			);
			name = Products;
			sourceTree = "<group>";
		};
		CE145B79205F99F6004ADC67 /* LanYi */ = {
			isa = PBXGroup;
			children = (
				CE145B7A205F99F6004ADC67 /* AppDelegate.swift */,
				CE145B7C205F99F6004ADC67 /* ViewController.swift */,
				CE145B7E205F99F6004ADC67 /* Main.storyboard */,
				CE145B84205F99F6004ADC67 /* Assets.xcassets */,
				CE145B86205F99F6004ADC67 /* LaunchScreen.storyboard */,
				CE145B89205F99F6004ADC67 /* Info.plist */,
				CE145B81205F99F6004ADC67 /* LanYi.xcdatamodeld */,
			);
			path = LanYi;
			sourceTree = "<group>";
		};
		CE145B91205F99F6004ADC67 /* LanYiTests */ = {
			isa = PBXGroup;
			children = (
				CE145B92205F99F6004ADC67 /* LanYiTests.swift */,
				CE145B94205F99F6004ADC67 /* Info.plist */,
			);
			path = LanYiTests;
			sourceTree = "<group>";
		};
		CE145B9C205F99F6004ADC67 /* LanYiUITests */ = {
			isa = PBXGroup;
			children = (
				CE145B9D205F99F6004ADC67 /* LanYiUITests.swift */,
				CE145B9F205F99F6004ADC67 /* Info.plist */,
			);
			path = LanYiUITests;
			sourceTree = "<group>";
		};
/* End PBXGroup section */

/* Begin PBXNativeTarget section */
		CE145B76205F99F6004ADC67 /* LanYi */ = {
			isa = PBXNativeTarget;
			buildConfigurationList = CE145BA2205F99F6004ADC67 /* Build configuration list for PBXNativeTarget "LanYi" */;
			buildPhases = (
				CE145B73205F99F6004ADC67 /* Sources */,
				CE145B74205F99F6004ADC67 /* Frameworks */,
				CE145B75205F99F6004ADC67 /* Resources */,
			);
			buildRules = (
			);
			dependencies = (
			);
			name = LanYi;
			productName = LanYi;
			productReference = CE145B77205F99F6004ADC67 /* LanYi.app */;
			productType = "com.apple.product-type.application";
		};
		CE145B8D205F99F6004ADC67 /* LanYiTests */ = {
			isa = PBXNativeTarget;
			buildConfigurationList = CE145BA5205F99F6004ADC67 /* Build configuration list for PBXNativeTarget "LanYiTests" */;
			buildPhases = (
				CE145B8A205F99F6004ADC67 /* Sources */,
				CE145B8B205F99F6004ADC67 /* Frameworks */,
				CE145B8C205F99F6004ADC67 /* Resources */,
			);
			buildRules = (
			);
			dependencies = (
				CE145B90205F99F6004ADC67 /* PBXTargetDependency */,
			);
			name = LanYiTests;
			productName = LanYiTests;
			productReference = CE145B8E205F99F6004ADC67 /* LanYiTests.xctest */;
			productType = "com.apple.product-type.bundle.unit-test";
		};
		CE145B98205F99F6004ADC67 /* LanYiUITests */ = {
			isa = PBXNativeTarget;
			buildConfigurationList = CE145BA8205F99F6004ADC67 /* Build configuration list for PBXNativeTarget "LanYiUITests" */;
			buildPhases = (
				CE145B95205F99F6004ADC67 /* Sources */,
				CE145B96205F99F6004ADC67 /* Frameworks */,
				CE145B97205F99F6004ADC67 /* Resources */,
			);
			buildRules = (
			);
			dependencies = (
				CE145B9B205F99F6004ADC67 /* PBXTargetDependency */,
			);
			name = LanYiUITests;
			productName = LanYiUITests;
			productReference = CE145B99205F99F6004ADC67 /* LanYiUITests.xctest */;
			productType = "com.apple.product-type.bundle.ui-testing";
		};
/* End PBXNativeTarget section */

/* Begin PBXProject section */
		CE145B6F205F99F6004ADC67 /* Project object */ = {
			isa = PBXProject;
			attributes = {
				LastSwiftUpdateCheck = 0910;
				LastUpgradeCheck = 0910;
				ORGANIZATIONNAME = "张亚杰";
				TargetAttributes = {
					CE145B76205F99F6004ADC67 = {
						CreatedOnToolsVersion = 9.1;
						ProvisioningStyle = Automatic;
					};
					CE145B8D205F99F6004ADC67 = {
						CreatedOnToolsVersion = 9.1;
						ProvisioningStyle = Automatic;
						TestTargetID = CE145B76205F99F6004ADC67;
					};
					CE145B98205F99F6004ADC67 = {
						CreatedOnToolsVersion = 9.1;
						ProvisioningStyle = Automatic;
						TestTargetID = CE145B76205F99F6004ADC67;
					};
				};
			};
			buildConfigurationList = CE145B72205F99F6004ADC67 /* Build configuration list for PBXProject "LanYi" */;
			compatibilityVersion = "Xcode 8.0";
			developmentRegion = en;
			hasScannedForEncodings = 0;
			knownRegions = (
				en,
				Base,
			);
			mainGroup = CE145B6E205F99F6004ADC67;
			productRefGroup = CE145B78205F99F6004ADC67 /* Products */;
			projectDirPath = "";
			projectRoot = "";
			targets = (
				CE145B76205F99F6004ADC67 /* LanYi */,
				CE145B8D205F99F6004ADC67 /* LanYiTests */,
				CE145B98205F99F6004ADC67 /* LanYiUITests */,
			);
		};
/* End PBXProject section */

/* Begin PBXResourcesBuildPhase section */
		CE145B75205F99F6004ADC67 /* Resources */ = {
			isa = PBXResourcesBuildPhase;
			buildActionMask = 2147483647;
			files = (
				CE145B88205F99F6004ADC67 /* LaunchScreen.storyboard in Resources */,
				CE145B85205F99F6004ADC67 /* Assets.xcassets in Resources */,
				CE145B80205F99F6004ADC67 /* Main.storyboard in Resources */,
			);
			runOnlyForDeploymentPostprocessing = 0;
		};
		CE145B8C205F99F6004ADC67 /* Resources */ = {
			isa = PBXResourcesBuildPhase;
			buildActionMask = 2147483647;
			files = (
			);
			runOnlyForDeploymentPostprocessing = 0;
		};
		CE145B97205F99F6004ADC67 /* Resources */ = {
			isa = PBXResourcesBuildPhase;
			buildActionMask = 2147483647;
			files = (
			);
			runOnlyForDeploymentPostprocessing = 0;
		};
/* End PBXResourcesBuildPhase section */

/* Begin PBXSourcesBuildPhase section */
		CE145B73205F99F6004ADC67 /* Sources */ = {
			isa = PBXSourcesBuildPhase;
			buildActionMask = 2147483647;
			files = (
				CE145B7D205F99F6004ADC67 /* ViewController.swift in Sources */,
				CE145B7B205F99F6004ADC67 /* AppDelegate.swift in Sources */,
				CE145B83205F99F6004ADC67 /* LanYi.xcdatamodeld in Sources */,
			);
			runOnlyForDeploymentPostprocessing = 0;
		};
		CE145B8A205F99F6004ADC67 /* Sources */ = {
			isa = PBXSourcesBuildPhase;
			buildActionMask = 2147483647;
			files = (
				CE145B93205F99F6004ADC67 /* LanYiTests.swift in Sources */,
			);
			runOnlyForDeploymentPostprocessing = 0;
		};
		CE145B95205F99F6004ADC67 /* Sources */ = {
			isa = PBXSourcesBuildPhase;
			buildActionMask = 2147483647;
			files = (
				CE145B9E205F99F6004ADC67 /* LanYiUITests.swift in Sources */,
			);
			runOnlyForDeploymentPostprocessing = 0;
		};
/* End PBXSourcesBuildPhase section */

/* Begin PBXTargetDependency section */
		CE145B90205F99F6004ADC67 /* PBXTargetDependency */ = {
			isa = PBXTargetDependency;
			target = CE145B76205F99F6004ADC67 /* LanYi */;
			targetProxy = CE145B8F205F99F6004ADC67 /* PBXContainerItemProxy */;
		};
		CE145B9B205F99F6004ADC67 /* PBXTargetDependency */ = {
			isa = PBXTargetDependency;
			target = CE145B76205F99F6004ADC67 /* LanYi */;
			targetProxy = CE145B9A205F99F6004ADC67 /* PBXContainerItemProxy */;
		};
/* End PBXTargetDependency section */

/* Begin PBXVariantGroup section */
		CE145B7E205F99F6004ADC67 /* Main.storyboard */ = {
			isa = PBXVariantGroup;
			children = (
				CE145B7F205F99F6004ADC67 /* Base */,
			);
			name = Main.storyboard;
			sourceTree = "<group>";
		};
		CE145B86205F99F6004ADC67 /* LaunchScreen.storyboard */ = {
			isa = PBXVariantGroup;
			children = (
				CE145B87205F99F6004ADC67 /* Base */,
			);
			name = LaunchScreen.storyboard;
			sourceTree = "<group>";
		};
/* End PBXVariantGroup section */

/* Begin XCBuildConfiguration section */
		CE145BA0205F99F6004ADC67 /* Debug */ = {
			isa = XCBuildConfiguration;
			buildSettings = {
				ALWAYS_SEARCH_USER_PATHS = NO;
				CLANG_ANALYZER_NONNULL = YES;
				CLANG_ANALYZER_NUMBER_OBJECT_CONVERSION = YES_AGGRESSIVE;
				CLANG_CXX_LANGUAGE_STANDARD = "gnu++14";
				CLANG_CXX_LIBRARY = "libc++";
				CLANG_ENABLE_MODULES = YES;
				CLANG_ENABLE_OBJC_ARC = YES;
				CLANG_WARN_BLOCK_CAPTURE_AUTORELEASING = YES;
				CLANG_WARN_BOOL_CONVERSION = YES;
				CLANG_WARN_COMMA = YES;
				CLANG_WARN_CONSTANT_CONVERSION = YES;
				CLANG_WARN_DIRECT_OBJC_ISA_USAGE = YES_ERROR;
				CLANG_WARN_DOCUMENTATION_COMMENTS = YES;
				CLANG_WARN_EMPTY_BODY = YES;
				CLANG_WARN_ENUM_CONVERSION = YES;
				CLANG_WARN_INFINITE_RECURSION = YES;
				CLANG_WARN_INT_CONVERSION = YES;
				CLANG_WARN_NON_LITERAL_NULL_CONVERSION = YES;
				CLANG_WARN_OBJC_LITERAL_CONVERSION = YES;
				CLANG_WARN_OBJC_ROOT_CLASS = YES_ERROR;
				CLANG_WARN_RANGE_LOOP_ANALYSIS = YES;
				CLANG_WARN_STRICT_PROTOTYPES = YES;
				CLANG_WARN_SUSPICIOUS_MOVE = YES;
				CLANG_WARN_UNGUARDED_AVAILABILITY = YES_AGGRESSIVE;
				CLANG_WARN_UNREACHABLE_CODE = YES;
				CLANG_WARN__DUPLICATE_METHOD_MATCH = YES;
				CODE_SIGN_IDENTITY = "iPhone Developer";
				COPY_PHASE_STRIP = NO;
				DEBUG_INFORMATION_FORMAT = dwarf;
				ENABLE_STRICT_OBJC_MSGSEND = YES;
				ENABLE_TESTABILITY = YES;
				GCC_C_LANGUAGE_STANDARD = gnu11;
				GCC_DYNAMIC_NO_PIC = NO;
				GCC_NO_COMMON_BLOCKS = YES;
				GCC_OPTIMIZATION_LEVEL = 0;
				GCC_PREPROCESSOR_DEFINITIONS = (
					"DEBUG=1",
					"$(inherited)",
				);
				GCC_WARN_64_TO_32_BIT_CONVERSION = YES;
				GCC_WARN_ABOUT_RETURN_TYPE = YES_ERROR;
				GCC_WARN_UNDECLARED_SELECTOR = YES;
				GCC_WARN_UNINITIALIZED_AUTOS = YES_AGGRESSIVE;
				GCC_WARN_UNUSED_FUNCTION = YES;
				GCC_WARN_UNUSED_VARIABLE = YES;
				IPHONEOS_DEPLOYMENT_TARGET = 11.1;
				MTL_ENABLE_DEBUG_INFO = YES;
				ONLY_ACTIVE_ARCH = YES;
				SDKROOT = iphoneos;
				SWIFT_ACTIVE_COMPILATION_CONDITIONS = DEBUG;
				SWIFT_OPTIMIZATION_LEVEL = "-Onone";
			};
			name = Debug;
		};
		CE145BA1205F99F6004ADC67 /* Release */ = {
			isa = XCBuildConfiguration;
			buildSettings = {
				ALWAYS_SEARCH_USER_PATHS = NO;
				CLANG_ANALYZER_NONNULL = YES;
				CLANG_ANALYZER_NUMBER_OBJECT_CONVERSION = YES_AGGRESSIVE;
				CLANG_CXX_LANGUAGE_STANDARD = "gnu++14";
				CLANG_CXX_LIBRARY = "libc++";
				CLANG_ENABLE_MODULES = YES;
				CLANG_ENABLE_OBJC_ARC = YES;
				CLANG_WARN_BLOCK_CAPTURE_AUTORELEASING = YES;
				CLANG_WARN_BOOL_CONVERSION = YES;
				CLANG_WARN_COMMA = YES;
				CLANG_WARN_CONSTANT_CONVERSION = YES;
				CLANG_WARN_DIRECT_OBJC_ISA_USAGE = YES_ERROR;
				CLANG_WARN_DOCUMENTATION_COMMENTS = YES;
				CLANG_WARN_EMPTY_BODY = YES;
				CLANG_WARN_ENUM_CONVERSION = YES;
				CLANG_WARN_INFINITE_RECURSION = YES;
				CLANG_WARN_INT_CONVERSION = YES;
				CLANG_WARN_NON_LITERAL_NULL_CONVERSION = YES;
				CLANG_WARN_OBJC_LITERAL_CONVERSION = YES;
				CLANG_WARN_OBJC_ROOT_CLASS = YES_ERROR;
				CLANG_WARN_RANGE_LOOP_ANALYSIS = YES;
				CLANG_WARN_STRICT_PROTOTYPES = YES;
				CLANG_WARN_SUSPICIOUS_MOVE = YES;
				CLANG_WARN_UNGUARDED_AVAILABILITY = YES_AGGRESSIVE;
				CLANG_WARN_UNREACHABLE_CODE = YES;
				CLANG_WARN__DUPLICATE_METHOD_MATCH = YES;
				CODE_SIGN_IDENTITY = "iPhone Developer";
				COPY_PHASE_STRIP = NO;
				DEBUG_INFORMATION_FORMAT = "dwarf-with-dsym";
				ENABLE_NS_ASSERTIONS = NO;
				ENABLE_STRICT_OBJC_MSGSEND = YES;
				GCC_C_LANGUAGE_STANDARD = gnu11;
				GCC_NO_COMMON_BLOCKS = YES;
				GCC_WARN_64_TO_32_BIT_CONVERSION = YES;
				GCC_WARN_ABOUT_RETURN_TYPE = YES_ERROR;
				GCC_WARN_UNDECLARED_SELECTOR = YES;
				GCC_WARN_UNINITIALIZED_AUTOS = YES_AGGRESSIVE;
				GCC_WARN_UNUSED_FUNCTION = YES;
				GCC_WARN_UNUSED_VARIABLE = YES;
				IPHONEOS_DEPLOYMENT_TARGET = 11.1;
				MTL_ENABLE_DEBUG_INFO = NO;
				SDKROOT = iphoneos;
				SWIFT_OPTIMIZATION_LEVEL = "-Owholemodule";
				VALIDATE_PRODUCT = YES;
			};
			name = Release;
		};
		CE145BA3205F99F6004ADC67 /* Debug */ = {
			isa = XCBuildConfiguration;
			buildSettings = {
				ASSETCATALOG_COMPILER_APPICON_NAME = AppIcon;
				CODE_SIGN_STYLE = Automatic;
				INFOPLIST_FILE = LanYi/Info.plist;
				LD_RUNPATH_SEARCH_PATHS = "$(inherited) @executable_path/Frameworks";
				"OTHER_SWIFT_FLAGS[arch=*]" = "-D DEBUG";
				PRODUCT_BUNDLE_IDENTIFIER = com.ZhangYajie.LanYi;
				PRODUCT_NAME = "$(TARGET_NAME)";
				SWIFT_VERSION = 4.0;
				TARGETED_DEVICE_FAMILY = "1,2";
			};
			name = Debug;
		};
		CE145BA4205F99F6004ADC67 /* Release */ = {
			isa = XCBuildConfiguration;
			buildSettings = {
				ASSETCATALOG_COMPILER_APPICON_NAME = AppIcon;
				CODE_SIGN_STYLE = Automatic;
				INFOPLIST_FILE = LanYi/Info.plist;
				LD_RUNPATH_SEARCH_PATHS = "$(inherited) @executable_path/Frameworks";
				PRODUCT_BUNDLE_IDENTIFIER = com.ZhangYajie.LanYi;
				PRODUCT_NAME = "$(TARGET_NAME)";
				SWIFT_VERSION = 4.0;
				TARGETED_DEVICE_FAMILY = "1,2";
			};
			name = Release;
		};
		CE145BA6205F99F6004ADC67 /* Debug */ = {
			isa = XCBuildConfiguration;
			buildSettings = {
				ALWAYS_EMBED_SWIFT_STANDARD_LIBRARIES = YES;
				BUNDLE_LOADER = "$(TEST_HOST)";
				CODE_SIGN_STYLE = Automatic;
				INFOPLIST_FILE = LanYiTests/Info.plist;
				LD_RUNPATH_SEARCH_PATHS = "$(inherited) @executable_path/Frameworks @loader_path/Frameworks";
				PRODUCT_BUNDLE_IDENTIFIER = com.ZhangYajie.LanYiTests;
				PRODUCT_NAME = "$(TARGET_NAME)";
				SWIFT_VERSION = 4.0;
				TARGETED_DEVICE_FAMILY = "1,2";
				TEST_HOST = "$(BUILT_PRODUCTS_DIR)/LanYi.app/LanYi";
			};
			name = Debug;
		};
		CE145BA7205F99F6004ADC67 /* Release */ = {
			isa = XCBuildConfiguration;
			buildSettings = {
				ALWAYS_EMBED_SWIFT_STANDARD_LIBRARIES = YES;
				BUNDLE_LOADER = "$(TEST_HOST)";
				CODE_SIGN_STYLE = Automatic;
				INFOPLIST_FILE = LanYiTests/Info.plist;
				LD_RUNPATH_SEARCH_PATHS = "$(inherited) @executable_path/Frameworks @loader_path/Frameworks";
				PRODUCT_BUNDLE_IDENTIFIER = com.ZhangYajie.LanYiTests;
				PRODUCT_NAME = "$(TARGET_NAME)";
				SWIFT_VERSION = 4.0;
				TARGETED_DEVICE_FAMILY = "1,2";
				TEST_HOST = "$(BUILT_PRODUCTS_DIR)/LanYi.app/LanYi";
			};
			name = Release;
		};
		CE145BA9205F99F6004ADC67 /* Debug */ = {
			isa = XCBuildConfiguration;
			buildSettings = {
				ALWAYS_EMBED_SWIFT_STANDARD_LIBRARIES = YES;
				CODE_SIGN_STYLE = Automatic;
				INFOPLIST_FILE = LanYiUITests/Info.plist;
				LD_RUNPATH_SEARCH_PATHS = "$(inherited) @executable_path/Frameworks @loader_path/Frameworks";
				PRODUCT_BUNDLE_IDENTIFIER = com.ZhangYajie.LanYiUITests;
				PRODUCT_NAME = "$(TARGET_NAME)";
				SWIFT_VERSION = 4.0;
				TARGETED_DEVICE_FAMILY = "1,2";
				TEST_TARGET_NAME = LanYi;
			};
			name = Debug;
		};
		CE145BAA205F99F6004ADC67 /* Release */ = {
			isa = XCBuildConfiguration;
			buildSettings = {
				ALWAYS_EMBED_SWIFT_STANDARD_LIBRARIES = YES;
				CODE_SIGN_STYLE = Automatic;
				INFOPLIST_FILE = LanYiUITests/Info.plist;
				LD_RUNPATH_SEARCH_PATHS = "$(inherited) @executable_path/Frameworks @loader_path/Frameworks";
				PRODUCT_BUNDLE_IDENTIFIER = com.ZhangYajie.LanYiUITests;
				PRODUCT_NAME = "$(TARGET_NAME)";
				SWIFT_VERSION = 4.0;
				TARGETED_DEVICE_FAMILY = "1,2";
				TEST_TARGET_NAME = LanYi;
			};
			name = Release;
		};
/* End XCBuildConfiguration section */

/* Begin XCConfigurationList section */
		CE145B72205F99F6004ADC67 /* Build configuration list for PBXProject "LanYi" */ = {
			isa = XCConfigurationList;
			buildConfigurations = (
				CE145BA0205F99F6004ADC67 /* Debug */,
				CE145BA1205F99F6004ADC67 /* Release */,
			);
			defaultConfigurationIsVisible = 0;
			defaultConfigurationName = Release;
		};
		CE145BA2205F99F6004ADC67 /* Build configuration list for PBXNativeTarget "LanYi" */ = {
			isa = XCConfigurationList;
			buildConfigurations = (
				CE145BA3205F99F6004ADC67 /* Debug */,
				CE145BA4205F99F6004ADC67 /* Release */,
			);
			defaultConfigurationIsVisible = 0;
			defaultConfigurationName = Release;
		};
		CE145BA5205F99F6004ADC67 /* Build configuration list for PBXNativeTarget "LanYiTests" */ = {
			isa = XCConfigurationList;
			buildConfigurations = (
				CE145BA6205F99F6004ADC67 /* Debug */,
				CE145BA7205F99F6004ADC67 /* Release */,
			);
			defaultConfigurationIsVisible = 0;
			defaultConfigurationName = Release;
		};
		CE145BA8205F99F6004ADC67 /* Build configuration list for PBXNativeTarget "LanYiUITests" */ = {
			isa = XCConfigurationList;
			buildConfigurations = (
				CE145BA9205F99F6004ADC67 /* Debug */,
				CE145BAA205F99F6004ADC67 /* Release */,
			);
			defaultConfigurationIsVisible = 0;
			defaultConfigurationName = Release;
		};
/* End XCConfigurationList section */

/* Begin XCVersionGroup section */
		CE145B81205F99F6004ADC67 /* LanYi.xcdatamodeld */ = {
			isa = XCVersionGroup;
			children = (
				CE145B82205F99F6004ADC67 /* LanYi.xcdatamodel */,
			);
			currentVersion = CE145B82205F99F6004ADC67 /* LanYi.xcdatamodel */;
			path = LanYi.xcdatamodeld;
			sourceTree = "<group>";
			versionGroupType = wrapper.xcdatamodel;
		};
/* End XCVersionGroup section */
	};
	rootObject = CE145B6F205F99F6004ADC67 /* Project object */;
}
